
Microsoft Visual Studio Solution File, Format Version 12.00
# Visual Studio 2012
Project("{FAE04EC0-301F-11D3-BF4B-00C04F79EFBC}") = "KNAutoFrameWork", "KNAutoFrameWork\KNAutoFrameWork.csproj", "{80B9A51B-FF46-47BA-AE85-9BFA9434BAF9}"
EndProject
Project("{FAE04EC0-301F-11D3-BF4B-00C04F79EFBC}") = "KnTest", "KnTest\KnTest.csproj", "{894AB0FD-F638-4E73-91A6-4FE7D045D023}"
EndProject
Global
	GlobalSection(SolutionConfigurationPlatforms) = preSolution
		Debug|Any CPU = Debug|Any CPU
		Release|Any CPU = Release|Any CPU
	EndGlobalSection
	GlobalSection(ProjectConfigurationPlatforms) = postSolution
		{80B9A51B-FF46-47BA-AE85-9BFA9434BAF9}.Debug|Any CPU.ActiveCfg = Debug|Any CPU
		{80B9A51B-FF46-47BA-AE85-9BFA9434BAF9}.Debug|Any CPU.Build.0 = Debug|Any CPU
		{80B9A51B-FF46-47BA-AE85-9BFA9434BAF9}.Release|Any CPU.ActiveCfg = Release|Any CPU
		{80B9A51B-FF46-47BA-AE85-9BFA9434BAF9}.Release|Any CPU.Build.0 = Release|Any CPU
		{894AB0FD-F638-4E73-91A6-4FE7D045D023}.Debug|Any CPU.ActiveCfg = Debug|Any CPU
		{894AB0FD-F638-4E73-91A6-4FE7D045D023}.Debug|Any CPU.Build.0 = Debug|Any CPU
		{894AB0FD-F638-4E73-91A6-4FE7D045D023}.Release|Any CPU.ActiveCfg = Release|Any CPU
		{894AB0FD-F638-4E73-91A6-4FE7D045D023}.Release|Any CPU.Build.0 = Release|Any CPU
	EndGlobalSection
	GlobalSection(SolutionProperties) = preSolution
		HideSolutionNode = FALSE
	EndGlobalSection
EndGlobal
